
Microsoft Visual Studio Solution File, Format Version 12.00
# Visual Studio Version 16
VisualStudioVersion = 16.0.30225.117
MinimumVisualStudioVersion = 10.0.40219.1
Project("{FAE04EC0-301F-11D3-BF4B-00C04F79EFBC}") = "WebApplicationUnitTest", "WebApplicationUnitTest.csproj", "{338FCABE-647A-4191-B3FE-8ABACE8CEF38}"
EndProject
Project("{FAE04EC0-301F-11D3-BF4B-00C04F79EFBC}") = "UnitTestProject2", "..\UnitTestProject2\UnitTestProject2.csproj", "{92305526-EB9E-41AE-AB9E-8C162F3CDD98}"
EndProject
Global
	GlobalSection(SolutionConfigurationPlatforms) = preSolution
		Debug|Any CPU = Debug|Any CPU
		Release|Any CPU = Release|Any CPU
	EndGlobalSection
	GlobalSection(ProjectConfigurationPlatforms) = postSolution
		{338FCABE-647A-4191-B3FE-8ABACE8CEF38}.Debug|Any CPU.ActiveCfg = Debug|Any CPU
		{338FCABE-647A-4191-B3FE-8ABACE8CEF38}.Debug|Any CPU.Build.0 = Debug|Any CPU
		{338FCABE-647A-4191-B3FE-8ABACE8CEF38}.Release|Any CPU.ActiveCfg = Release|Any CPU
		{338FCABE-647A-4191-B3FE-8ABACE8CEF38}.Release|Any CPU.Build.0 = Release|Any CPU
		{92305526-EB9E-41AE-AB9E-8C162F3CDD98}.Debug|Any CPU.ActiveCfg = Debug|Any CPU
		{92305526-EB9E-41AE-AB9E-8C162F3CDD98}.Debug|Any CPU.Build.0 = Debug|Any CPU
		{92305526-EB9E-41AE-AB9E-8C162F3CDD98}.Release|Any CPU.ActiveCfg = Release|Any CPU
		{92305526-EB9E-41AE-AB9E-8C162F3CDD98}.Release|Any CPU.Build.0 = Release|Any CPU
	EndGlobalSection
	GlobalSection(SolutionProperties) = preSolution
		HideSolutionNode = FALSE
	EndGlobalSection
	GlobalSection(ExtensibilityGlobals) = postSolution
		SolutionGuid = {8BF67948-883B-4B3E-ACB6-212D94F7580C}
	EndGlobalSection
EndGlobal
